
Microsoft Visual Studio Solution File, Format Version 12.00
# Visual Studio Version 16
VisualStudioVersion = 16.0.29613.14
MinimumVisualStudioVersion = 10.0.40219.1
Project("{FAE04EC0-301F-11D3-BF4B-00C04F79EFBC}") = "C ircularLinnkedList", "C ircularLinnkedList\C ircularLinnkedList.csproj", "{6EB85795-A0AC-4A38-B87C-E39C46DDF268}"
EndProject
Global
	GlobalSection(SolutionConfigurationPlatforms) = preSolution
		Debug|Any CPU = Debug|Any CPU
		Release|Any CPU = Release|Any CPU
	EndGlobalSection
	GlobalSection(ProjectConfigurationPlatforms) = postSolution
		{6EB85795-A0AC-4A38-B87C-E39C46DDF268}.Debug|Any CPU.ActiveCfg = Debug|Any CPU
		{6EB85795-A0AC-4A38-B87C-E39C46DDF268}.Debug|Any CPU.Build.0 = Debug|Any CPU
		{6EB85795-A0AC-4A38-B87C-E39C46DDF268}.Release|Any CPU.ActiveCfg = Release|Any CPU
		{6EB85795-A0AC-4A38-B87C-E39C46DDF268}.Release|Any CPU.Build.0 = Release|Any CPU
	EndGlobalSection
	GlobalSection(SolutionProperties) = preSolution
		HideSolutionNode = FALSE
	EndGlobalSection
	GlobalSection(ExtensibilityGlobals) = postSolution
		SolutionGuid = {10BF7A40-D53D-4F60-AD30-3BE580A1CD48}
	EndGlobalSection
EndGlobal
